
Microsoft Visual Studio Solution File, Format Version 12.00
# Visual Studio 2012
Project("{FAE04EC0-301F-11D3-BF4B-00C04F79EFBC}") = "GroupMessage.Server", "GroupMessage.Server\GroupMessage.Server.csproj", "{81C92CE2-F099-4453-83D3-A4D7B33B9C19}"
EndProject
Project("{FAE04EC0-301F-11D3-BF4B-00C04F79EFBC}") = "GroupMessage.Server.Test", "GroupMessage.Server.Test\GroupMessage.Server.Test.csproj", "{FFC2FBAA-BD80-4D33-8964-B46F41A9AEA3}"
EndProject
Global
	GlobalSection(SolutionConfigurationPlatforms) = preSolution
		Debug|Any CPU = Debug|Any CPU
		Release|Any CPU = Release|Any CPU
	EndGlobalSection
	GlobalSection(ProjectConfigurationPlatforms) = postSolution
		{81C92CE2-F099-4453-83D3-A4D7B33B9C19}.Debug|Any CPU.ActiveCfg = Debug|Any CPU
		{81C92CE2-F099-4453-83D3-A4D7B33B9C19}.Debug|Any CPU.Build.0 = Debug|Any CPU
		{81C92CE2-F099-4453-83D3-A4D7B33B9C19}.Release|Any CPU.ActiveCfg = Release|Any CPU
		{81C92CE2-F099-4453-83D3-A4D7B33B9C19}.Release|Any CPU.Build.0 = Release|Any CPU
		{FFC2FBAA-BD80-4D33-8964-B46F41A9AEA3}.Debug|Any CPU.ActiveCfg = Debug|Any CPU
		{FFC2FBAA-BD80-4D33-8964-B46F41A9AEA3}.Debug|Any CPU.Build.0 = Debug|Any CPU
		{FFC2FBAA-BD80-4D33-8964-B46F41A9AEA3}.Release|Any CPU.ActiveCfg = Release|Any CPU
		{FFC2FBAA-BD80-4D33-8964-B46F41A9AEA3}.Release|Any CPU.Build.0 = Release|Any CPU
	EndGlobalSection
	GlobalSection(MonoDevelopProperties) = preSolution
		StartupItem = GroupMessage.Server\GroupMessage.Server.csproj
		Policies = $0
		$0.TextStylePolicy = $1
		$1.FileWidth = 120
		$1.inheritsSet = VisualStudio
		$1.inheritsScope = text/plain
		$1.scope = text/x-csharp
		$0.CSharpFormattingPolicy = $2
		$2.ElseIfNewLinePlacement = SameLine
		$2.AfterDelegateDeclarationParameterComma = True
		$2.inheritsSet = Mono
		$2.inheritsScope = text/x-csharp
		$2.scope = text/x-csharp
		$0.TextStylePolicy = $3
		$3.inheritsSet = null
		$3.scope = application/config+xml
		$0.XmlFormattingPolicy = $4
		$4.inheritsSet = null
		$4.scope = application/config+xml
	EndGlobalSection
	GlobalSection(SolutionProperties) = preSolution
		HideSolutionNode = FALSE
	EndGlobalSection
EndGlobal
