
Microsoft Visual Studio Solution File, Format Version 12.00
# Visual Studio 2012
Project("{FAE04EC0-301F-11D3-BF4B-00C04F79EFBC}") = "GroupMessage.Server", "GroupMessage.Server\GroupMessage.Server.csproj", "{81C92CE2-F099-4453-83D3-A4D7B33B9C19}"
EndProject
Project("{FAE04EC0-301F-11D3-BF4B-00C04F79EFBC}") = "GroupMessage.Server.Test", "GroupMessage.Server.Test\GroupMessage.Server.Test.csproj", "{FFC2FBAA-BD80-4D33-8964-B46F41A9AEA3}"
EndProject
Global
	GlobalSection(SolutionConfigurationPlatforms) = preSolution
		Debug|Any CPU = Debug|Any CPU
		Release|Any CPU = Release|Any CPU
	EndGlobalSection
	GlobalSection(ProjectConfigurationPlatforms) = postSolution
		{81C92CE2-F099-4453-83D3-A4D7B33B9C19}.Debug|Any CPU.ActiveCfg = Debug|Any CPU
		{81C92CE2-F099-4453-83D3-A4D7B33B9C19}.Debug|Any CPU.Build.0 = Debug|Any CPU
		{81C92CE2-F099-4453-83D3-A4D7B33B9C19}.Release|Any CPU.ActiveCfg = Release|Any CPU
		{81C92CE2-F099-4453-83D3-A4D7B33B9C19}.Release|Any CPU.Build.0 = Release|Any CPU
		{FFC2FBAA-BD80-4D33-8964-B46F41A9AEA3}.Debug|Any CPU.ActiveCfg = Debug|Any CPU
		{FFC2FBAA-BD80-4D33-8964-B46F41A9AEA3}.Debug|Any CPU.Build.0 = Debug|Any CPU
		{FFC2FBAA-BD80-4D33-8964-B46F41A9AEA3}.Release|Any CPU.ActiveCfg = Release|Any CPU
		{FFC2FBAA-BD80-4D33-8964-B46F41A9AEA3}.Release|Any CPU.Build.0 = Release|Any CPU
	EndGlobalSection
	GlobalSection(MonoDevelopProperties) = preSolution
		StartupItem = GroupMessage.Server\GroupMessage.Server.csproj
		Policies = $0
		$0.TextStylePolicy = $1
		$1.FileWidth = 120
		$1.inheritsSet = VisualStudio
		$1.inheritsScope = text/plain
		$1.scope = text/x-csharp
		$0.CSharpFormattingPolicy = $2
		$2.ElseIfNewLinePlacement = SameLine
		$2.BeforeMethodDeclarationParentheses = False
		$2.AfterDelegateDeclarationParameterComma = True
		$2.inheritsSet = Mono
		$2.inheritsScope = text/x-csharp
		$2.scope = text/x-csharp
		$0.TextStylePolicy = $3
		$3.inheritsSet = null
		$3.scope = application/config+xml
		$0.XmlFormattingPolicy = $4
		$4.inheritsSet = null
		$4.scope = application/config+xml
		$0.DotNetNamingPolicy = $5
		$5.DirectoryNamespaceAssociation = None
		$5.ResourceNamePolicy = FileFormatDefault
		$0.TextStylePolicy = $6
		$6.FileWidth = 120
		$6.TabsToSpaces = False
		$6.inheritsSet = VisualStudio
		$6.inheritsScope = text/plain
		$6.scope = text/plain
		$0.TextStylePolicy = $7
		$7.inheritsSet = null
		$7.scope = application/xml
		$0.XmlFormattingPolicy = $8
		$8.inheritsSet = Mono
		$8.inheritsScope = application/xml
		$8.scope = application/xml
		$0.TextStylePolicy = $9
		$9.inheritsSet = null
		$9.scope = text/html
		$0.TextStylePolicy = $10
		$10.inheritsSet = null
		$10.scope = text/css
		$0.TextStylePolicy = $11
		$11.inheritsSet = null
		$11.scope = application/javascript
		$0.StandardHeader = $12
		$12.Text = 
		$12.IncludeInNewFiles = True
		$0.NameConventionPolicy = $13
		$13.Rules = $14
		$14.NamingRule = $15
		$15.Name = Namespaces
		$15.AffectedEntity = Namespace
		$15.VisibilityMask = VisibilityMask
		$15.NamingStyle = PascalCase
		$15.IncludeInstanceMembers = True
		$15.IncludeStaticEntities = True
		$14.NamingRule = $16
		$16.Name = Types
		$16.AffectedEntity = Class, Struct, Enum, Delegate
		$16.VisibilityMask = Public
		$16.NamingStyle = PascalCase
		$16.IncludeInstanceMembers = True
		$16.IncludeStaticEntities = True
		$14.NamingRule = $17
		$17.Name = Interfaces
		$17.RequiredPrefixes = $18
		$18.String = I
		$17.AffectedEntity = Interface
		$17.VisibilityMask = Public
		$17.NamingStyle = PascalCase
		$17.IncludeInstanceMembers = True
		$17.IncludeStaticEntities = True
		$14.NamingRule = $19
		$19.Name = Attributes
		$19.RequiredSuffixes = $20
		$20.String = Attribute
		$19.AffectedEntity = CustomAttributes
		$19.VisibilityMask = Public
		$19.NamingStyle = PascalCase
		$19.IncludeInstanceMembers = True
		$19.IncludeStaticEntities = True
		$14.NamingRule = $21
		$21.Name = Event Arguments
		$21.RequiredSuffixes = $22
		$22.String = EventArgs
		$21.AffectedEntity = CustomEventArgs
		$21.VisibilityMask = Public
		$21.NamingStyle = PascalCase
		$21.IncludeInstanceMembers = True
		$21.IncludeStaticEntities = True
		$14.NamingRule = $23
		$23.Name = Exceptions
		$23.RequiredSuffixes = $24
		$24.String = Exception
		$23.AffectedEntity = CustomExceptions
		$23.VisibilityMask = VisibilityMask
		$23.NamingStyle = PascalCase
		$23.IncludeInstanceMembers = True
		$23.IncludeStaticEntities = True
		$14.NamingRule = $25
		$25.Name = Methods
		$25.AffectedEntity = Methods
		$25.VisibilityMask = Protected, Public
		$25.NamingStyle = PascalCase
		$25.IncludeInstanceMembers = True
		$25.IncludeStaticEntities = True
		$14.NamingRule = $26
		$26.Name = Static Readonly Fields
		$26.AffectedEntity = ReadonlyField
		$26.VisibilityMask = Protected, Public
		$26.NamingStyle = PascalCase
		$26.IncludeInstanceMembers = False
		$26.IncludeStaticEntities = True
		$14.NamingRule = $27
		$27.Name = Fields
		$27.AffectedEntity = Field
		$27.VisibilityMask = Protected, Public
		$27.NamingStyle = PascalCase
		$27.IncludeInstanceMembers = True
		$27.IncludeStaticEntities = True
		$14.NamingRule = $28
		$28.Name = ReadOnly Fields
		$28.AffectedEntity = ReadonlyField
		$28.VisibilityMask = Protected, Public
		$28.NamingStyle = PascalCase
		$28.IncludeInstanceMembers = True
		$28.IncludeStaticEntities = False
		$14.NamingRule = $29
		$29.Name = Constant Fields
		$29.AffectedEntity = ConstantField
		$29.VisibilityMask = Protected, Public
		$29.NamingStyle = PascalCase
		$29.IncludeInstanceMembers = True
		$29.IncludeStaticEntities = True
		$14.NamingRule = $30
		$30.Name = Properties
		$30.AffectedEntity = Property
		$30.VisibilityMask = Protected, Public
		$30.NamingStyle = PascalCase
		$30.IncludeInstanceMembers = True
		$30.IncludeStaticEntities = True
		$14.NamingRule = $31
		$31.Name = Events
		$31.AffectedEntity = Event
		$31.VisibilityMask = Protected, Public
		$31.NamingStyle = PascalCase
		$31.IncludeInstanceMembers = True
		$31.IncludeStaticEntities = True
		$14.NamingRule = $32
		$32.Name = Enum Members
		$32.AffectedEntity = EnumMember
		$32.VisibilityMask = VisibilityMask
		$32.NamingStyle = PascalCase
		$32.IncludeInstanceMembers = True
		$32.IncludeStaticEntities = True
		$14.NamingRule = $33
		$33.Name = Parameters
		$33.AffectedEntity = Parameter
		$33.VisibilityMask = VisibilityMask
		$33.NamingStyle = CamelCase
		$33.IncludeInstanceMembers = True
		$33.IncludeStaticEntities = True
		$14.NamingRule = $34
		$34.Name = Type Parameters
		$34.RequiredPrefixes = $35
		$35.String = T
		$34.AffectedEntity = TypeParameter
		$34.VisibilityMask = VisibilityMask
		$34.NamingStyle = PascalCase
		$34.IncludeInstanceMembers = True
		$34.IncludeStaticEntities = True
	EndGlobalSection
	GlobalSection(SolutionProperties) = preSolution
		HideSolutionNode = FALSE
	EndGlobalSection
EndGlobal
